
Microsoft Visual Studio Solution File, Format Version 12.00
# Visual Studio 14
VisualStudioVersion = 14.0.25420.1
MinimumVisualStudioVersion = 10.0.40219.1
Project("{FAE04EC0-301F-11D3-BF4B-00C04F79EFBC}") = "NunitVideoRecorder", "NunitVideoRecorder\NunitVideoRecorder.csproj", "{1338C6E1-9927-4269-BBFA-1933CB388DBA}"
EndProject
Project("{FAE04EC0-301F-11D3-BF4B-00C04F79EFBC}") = "NunitVideoRecorderExamples", "NunitVideoRecorderExamples\NunitVideoRecorderExamples.csproj", "{5C16C8CA-165C-427C-B87E-1FF109BADCA4}"
EndProject
Project("{FAE04EC0-301F-11D3-BF4B-00C04F79EFBC}") = "NunitVideoRecorder.Tests", "NunitVideoRecorder.Tests\NunitVideoRecorder.Tests.csproj", "{1A2A0E77-C92F-4B9F-A6FF-3AC15AC68B39}"
EndProject
Global
	GlobalSection(SolutionConfigurationPlatforms) = preSolution
		Debug|Any CPU = Debug|Any CPU
		Release|Any CPU = Release|Any CPU
	EndGlobalSection
	GlobalSection(ProjectConfigurationPlatforms) = postSolution
		{1338C6E1-9927-4269-BBFA-1933CB388DBA}.Debug|Any CPU.ActiveCfg = Debug|Any CPU
		{1338C6E1-9927-4269-BBFA-1933CB388DBA}.Debug|Any CPU.Build.0 = Debug|Any CPU
		{1338C6E1-9927-4269-BBFA-1933CB388DBA}.Release|Any CPU.ActiveCfg = Release|Any CPU
		{1338C6E1-9927-4269-BBFA-1933CB388DBA}.Release|Any CPU.Build.0 = Release|Any CPU
		{5C16C8CA-165C-427C-B87E-1FF109BADCA4}.Debug|Any CPU.ActiveCfg = Debug|Any CPU
		{5C16C8CA-165C-427C-B87E-1FF109BADCA4}.Debug|Any CPU.Build.0 = Debug|Any CPU
		{5C16C8CA-165C-427C-B87E-1FF109BADCA4}.Release|Any CPU.ActiveCfg = Release|Any CPU
		{5C16C8CA-165C-427C-B87E-1FF109BADCA4}.Release|Any CPU.Build.0 = Release|Any CPU
		{1A2A0E77-C92F-4B9F-A6FF-3AC15AC68B39}.Debug|Any CPU.ActiveCfg = Debug|Any CPU
		{1A2A0E77-C92F-4B9F-A6FF-3AC15AC68B39}.Debug|Any CPU.Build.0 = Debug|Any CPU
		{1A2A0E77-C92F-4B9F-A6FF-3AC15AC68B39}.Release|Any CPU.ActiveCfg = Release|Any CPU
		{1A2A0E77-C92F-4B9F-A6FF-3AC15AC68B39}.Release|Any CPU.Build.0 = Release|Any CPU
	EndGlobalSection
	GlobalSection(SolutionProperties) = preSolution
		HideSolutionNode = FALSE
	EndGlobalSection
EndGlobal
